// !$*UTF8*$!
{
	archiveVersion = 1;
	classes = {
	};
	objectVersion = 46;
	objects = {

/* Begin PBXBuildFile section */
		4042B6CD18F9799C004AC7E0 /* alert_grip@2x.png in Resources */ = {isa = PBXBuildFile; fileRef = 4042B6CC18F9799C004AC7E0 /* alert_grip@2x.png */; };
		405BE3E418F0D07E00B95845 /* libJDReleaseNote.a in Frameworks */ = {isa = PBXBuildFile; fileRef = 405BE3E318F0D07E00B95845 /* libJDReleaseNote.a */; };
		408311B218F0D20500E73D4D /* JDReleaseNoteView.xib in Resources */ = {isa = PBXBuildFile; fileRef = 408311AE18F0D20500E73D4D /* JDReleaseNoteView.xib */; };
		408311B318F0D20500E73D4D /* alert_message_icon@2x.png in Resources */ = {isa = PBXBuildFile; fileRef = 408311AF18F0D20500E73D4D /* alert_message_icon@2x.png */; };
		408311B418F0D20500E73D4D /* dark_cross.png in Resources */ = {isa = PBXBuildFile; fileRef = 408311B018F0D20500E73D4D /* dark_cross.png */; };
		408311B518F0D20500E73D4D /* dark_cross@2x.png in Resources */ = {isa = PBXBuildFile; fileRef = 408311B118F0D20500E73D4D /* dark_cross@2x.png */; };
		408311BA18F0D75E00E73D4D /* ReleaseNotes.plist in Resources */ = {isa = PBXBuildFile; fileRef = 408311BC18F0D75E00E73D4D /* ReleaseNotes.plist */; };
		4095978018F0C9CF009916E2 /* Foundation.framework in Frameworks */ = {isa = PBXBuildFile; fileRef = 4095977F18F0C9CF009916E2 /* Foundation.framework */; };
		4095978218F0C9CF009916E2 /* CoreGraphics.framework in Frameworks */ = {isa = PBXBuildFile; fileRef = 4095978118F0C9CF009916E2 /* CoreGraphics.framework */; };
		4095978418F0C9CF009916E2 /* UIKit.framework in Frameworks */ = {isa = PBXBuildFile; fileRef = 4095978318F0C9CF009916E2 /* UIKit.framework */; };
		4095978A18F0C9CF009916E2 /* InfoPlist.strings in Resources */ = {isa = PBXBuildFile; fileRef = 4095978818F0C9CF009916E2 /* InfoPlist.strings */; };
		4095978C18F0C9CF009916E2 /* main.m in Sources */ = {isa = PBXBuildFile; fileRef = 4095978B18F0C9CF009916E2 /* main.m */; };
		4095979018F0C9CF009916E2 /* JDAppDelegate.m in Sources */ = {isa = PBXBuildFile; fileRef = 4095978F18F0C9CF009916E2 /* JDAppDelegate.m */; };
		4095979318F0C9CF009916E2 /* Main_iPhone.storyboard in Resources */ = {isa = PBXBuildFile; fileRef = 4095979118F0C9CF009916E2 /* Main_iPhone.storyboard */; };
		4095979618F0C9CF009916E2 /* Main_iPad.storyboard in Resources */ = {isa = PBXBuildFile; fileRef = 4095979418F0C9CF009916E2 /* Main_iPad.storyboard */; };
		4095979918F0C9CF009916E2 /* JDViewController.m in Sources */ = {isa = PBXBuildFile; fileRef = 4095979818F0C9CF009916E2 /* JDViewController.m */; };
		4095979B18F0C9CF009916E2 /* Images.xcassets in Resources */ = {isa = PBXBuildFile; fileRef = 4095979A18F0C9CF009916E2 /* Images.xcassets */; };
		409597A218F0C9CF009916E2 /* XCTest.framework in Frameworks */ = {isa = PBXBuildFile; fileRef = 409597A118F0C9CF009916E2 /* XCTest.framework */; };
		409597A318F0C9CF009916E2 /* Foundation.framework in Frameworks */ = {isa = PBXBuildFile; fileRef = 4095977F18F0C9CF009916E2 /* Foundation.framework */; };
		409597A418F0C9CF009916E2 /* UIKit.framework in Frameworks */ = {isa = PBXBuildFile; fileRef = 4095978318F0C9CF009916E2 /* UIKit.framework */; };
		409597AC18F0C9CF009916E2 /* InfoPlist.strings in Resources */ = {isa = PBXBuildFile; fileRef = 409597AA18F0C9CF009916E2 /* InfoPlist.strings */; };
		409597AE18F0C9CF009916E2 /* JDReleaseNoteExampleTests.m in Sources */ = {isa = PBXBuildFile; fileRef = 409597AD18F0C9CF009916E2 /* JDReleaseNoteExampleTests.m */; };
/* End PBXBuildFile section */

/* Begin PBXContainerItemProxy section */
		409597A518F0C9CF009916E2 /* PBXContainerItemProxy */ = {
			isa = PBXContainerItemProxy;
			containerPortal = 4095977418F0C9CF009916E2 /* Project object */;
			proxyType = 1;
			remoteGlobalIDString = 4095977B18F0C9CF009916E2;
			remoteInfo = JDReleaseNoteExample;
		};
/* End PBXContainerItemProxy section */

/* Begin PBXFileReference section */
		4042B6CC18F9799C004AC7E0 /* alert_grip@2x.png */ = {isa = PBXFileReference; lastKnownFileType = image.png; path = "alert_grip@2x.png"; sourceTree = "<group>"; };
		405BE3E318F0D07E00B95845 /* libJDReleaseNote.a */ = {isa = PBXFileReference; lastKnownFileType = archive.ar; name = libJDReleaseNote.a; path = "../JDReleaseNote/build/Debug-iphoneos/libJDReleaseNote.a"; sourceTree = "<group>"; };
		408311AE18F0D20500E73D4D /* JDReleaseNoteView.xib */ = {isa = PBXFileReference; fileEncoding = 4; lastKnownFileType = file.xib; path = JDReleaseNoteView.xib; sourceTree = "<group>"; };
		408311AF18F0D20500E73D4D /* alert_message_icon@2x.png */ = {isa = PBXFileReference; lastKnownFileType = image.png; path = "alert_message_icon@2x.png"; sourceTree = "<group>"; };
		408311B018F0D20500E73D4D /* dark_cross.png */ = {isa = PBXFileReference; lastKnownFileType = image.png; path = dark_cross.png; sourceTree = "<group>"; };
		408311B118F0D20500E73D4D /* dark_cross@2x.png */ = {isa = PBXFileReference; lastKnownFileType = image.png; path = "dark_cross@2x.png"; sourceTree = "<group>"; };
		408311BB18F0D75E00E73D4D /* Base */ = {isa = PBXFileReference; lastKnownFileType = text.plist.xml; name = Base; path = Base.lproj/ReleaseNotes.plist; sourceTree = "<group>"; };
		4095977C18F0C9CF009916E2 /* JDReleaseNoteExample.app */ = {isa = PBXFileReference; explicitFileType = wrapper.application; includeInIndex = 0; path = JDReleaseNoteExample.app; sourceTree = BUILT_PRODUCTS_DIR; };
		4095977F18F0C9CF009916E2 /* Foundation.framework */ = {isa = PBXFileReference; lastKnownFileType = wrapper.framework; name = Foundation.framework; path = System/Library/Frameworks/Foundation.framework; sourceTree = SDKROOT; };
		4095978118F0C9CF009916E2 /* CoreGraphics.framework */ = {isa = PBXFileReference; lastKnownFileType = wrapper.framework; name = CoreGraphics.framework; path = System/Library/Frameworks/CoreGraphics.framework; sourceTree = SDKROOT; };
		4095978318F0C9CF009916E2 /* UIKit.framework */ = {isa = PBXFileReference; lastKnownFileType = wrapper.framework; name = UIKit.framework; path = System/Library/Frameworks/UIKit.framework; sourceTree = SDKROOT; };
		4095978718F0C9CF009916E2 /* JDReleaseNoteExample-Info.plist */ = {isa = PBXFileReference; lastKnownFileType = text.plist.xml; path = "JDReleaseNoteExample-Info.plist"; sourceTree = "<group>"; };
		4095978918F0C9CF009916E2 /* en */ = {isa = PBXFileReference; lastKnownFileType = text.plist.strings; name = en; path = en.lproj/InfoPlist.strings; sourceTree = "<group>"; };
		4095978B18F0C9CF009916E2 /* main.m */ = {isa = PBXFileReference; lastKnownFileType = sourcecode.c.objc; path = main.m; sourceTree = "<group>"; };
		4095978D18F0C9CF009916E2 /* JDReleaseNoteExample-Prefix.pch */ = {isa = PBXFileReference; lastKnownFileType = sourcecode.c.h; path = "JDReleaseNoteExample-Prefix.pch"; sourceTree = "<group>"; };
		4095978E18F0C9CF009916E2 /* JDAppDelegate.h */ = {isa = PBXFileReference; lastKnownFileType = sourcecode.c.h; path = JDAppDelegate.h; sourceTree = "<group>"; };
		4095978F18F0C9CF009916E2 /* JDAppDelegate.m */ = {isa = PBXFileReference; lastKnownFileType = sourcecode.c.objc; path = JDAppDelegate.m; sourceTree = "<group>"; };
		4095979218F0C9CF009916E2 /* Base */ = {isa = PBXFileReference; lastKnownFileType = file.storyboard; name = Base; path = Base.lproj/Main_iPhone.storyboard; sourceTree = "<group>"; };
		4095979518F0C9CF009916E2 /* Base */ = {isa = PBXFileReference; lastKnownFileType = file.storyboard; name = Base; path = Base.lproj/Main_iPad.storyboard; sourceTree = "<group>"; };
		4095979718F0C9CF009916E2 /* JDViewController.h */ = {isa = PBXFileReference; lastKnownFileType = sourcecode.c.h; path = JDViewController.h; sourceTree = "<group>"; };
		4095979818F0C9CF009916E2 /* JDViewController.m */ = {isa = PBXFileReference; lastKnownFileType = sourcecode.c.objc; path = JDViewController.m; sourceTree = "<group>"; };
		4095979A18F0C9CF009916E2 /* Images.xcassets */ = {isa = PBXFileReference; lastKnownFileType = folder.assetcatalog; path = Images.xcassets; sourceTree = "<group>"; };
		409597A018F0C9CF009916E2 /* JDReleaseNoteExampleTests.xctest */ = {isa = PBXFileReference; explicitFileType = wrapper.cfbundle; includeInIndex = 0; path = JDReleaseNoteExampleTests.xctest; sourceTree = BUILT_PRODUCTS_DIR; };
		409597A118F0C9CF009916E2 /* XCTest.framework */ = {isa = PBXFileReference; lastKnownFileType = wrapper.framework; name = XCTest.framework; path = Library/Frameworks/XCTest.framework; sourceTree = DEVELOPER_DIR; };
		409597A918F0C9CF009916E2 /* JDReleaseNoteExampleTests-Info.plist */ = {isa = PBXFileReference; lastKnownFileType = text.plist.xml; path = "JDReleaseNoteExampleTests-Info.plist"; sourceTree = "<group>"; };
		409597AB18F0C9CF009916E2 /* en */ = {isa = PBXFileReference; lastKnownFileType = text.plist.strings; name = en; path = en.lproj/InfoPlist.strings; sourceTree = "<group>"; };
		409597AD18F0C9CF009916E2 /* JDReleaseNoteExampleTests.m */ = {isa = PBXFileReference; lastKnownFileType = sourcecode.c.objc; path = JDReleaseNoteExampleTests.m; sourceTree = "<group>"; };
/* End PBXFileReference section */

/* Begin PBXFrameworksBuildPhase section */
		4095977918F0C9CF009916E2 /* Frameworks */ = {
			isa = PBXFrameworksBuildPhase;
			buildActionMask = 2147483647;
			files = (
				405BE3E418F0D07E00B95845 /* libJDReleaseNote.a in Frameworks */,
				4095978218F0C9CF009916E2 /* CoreGraphics.framework in Frameworks */,
				4095978418F0C9CF009916E2 /* UIKit.framework in Frameworks */,
				4095978018F0C9CF009916E2 /* Foundation.framework in Frameworks */,
			);
			runOnlyForDeploymentPostprocessing = 0;
		};
		4095979D18F0C9CF009916E2 /* Frameworks */ = {
			isa = PBXFrameworksBuildPhase;
			buildActionMask = 2147483647;
			files = (
				409597A218F0C9CF009916E2 /* XCTest.framework in Frameworks */,
				409597A418F0C9CF009916E2 /* UIKit.framework in Frameworks */,
				409597A318F0C9CF009916E2 /* Foundation.framework in Frameworks */,
			);
			runOnlyForDeploymentPostprocessing = 0;
		};
/* End PBXFrameworksBuildPhase section */

/* Begin PBXGroup section */
		4095977318F0C9CF009916E2 = {
			isa = PBXGroup;
			children = (
				4095978518F0C9CF009916E2 /* JDReleaseNoteExample */,
				409597A718F0C9CF009916E2 /* JDReleaseNoteExampleTests */,
				4095977E18F0C9CF009916E2 /* Frameworks */,
				4095977D18F0C9CF009916E2 /* Products */,
			);
			sourceTree = "<group>";
		};
		4095977D18F0C9CF009916E2 /* Products */ = {
			isa = PBXGroup;
			children = (
				4095977C18F0C9CF009916E2 /* JDReleaseNoteExample.app */,
				409597A018F0C9CF009916E2 /* JDReleaseNoteExampleTests.xctest */,
			);
			name = Products;
			sourceTree = "<group>";
		};
		4095977E18F0C9CF009916E2 /* Frameworks */ = {
			isa = PBXGroup;
			children = (
				405BE3E318F0D07E00B95845 /* libJDReleaseNote.a */,
				4095977F18F0C9CF009916E2 /* Foundation.framework */,
				4095978118F0C9CF009916E2 /* CoreGraphics.framework */,
				4095978318F0C9CF009916E2 /* UIKit.framework */,
				409597A118F0C9CF009916E2 /* XCTest.framework */,
			);
			name = Frameworks;
			sourceTree = "<group>";
		};
		4095978518F0C9CF009916E2 /* JDReleaseNoteExample */ = {
			isa = PBXGroup;
			children = (
				4095978E18F0C9CF009916E2 /* JDAppDelegate.h */,
				4095978F18F0C9CF009916E2 /* JDAppDelegate.m */,
				4095979118F0C9CF009916E2 /* Main_iPhone.storyboard */,
				4095979418F0C9CF009916E2 /* Main_iPad.storyboard */,
				4095979718F0C9CF009916E2 /* JDViewController.h */,
				4095979818F0C9CF009916E2 /* JDViewController.m */,
				408311AE18F0D20500E73D4D /* JDReleaseNoteView.xib */,
				408311AF18F0D20500E73D4D /* alert_message_icon@2x.png */,
				4042B6CC18F9799C004AC7E0 /* alert_grip@2x.png */,
				408311B018F0D20500E73D4D /* dark_cross.png */,
				408311B118F0D20500E73D4D /* dark_cross@2x.png */,
				408311BC18F0D75E00E73D4D /* ReleaseNotes.plist */,
				4095979A18F0C9CF009916E2 /* Images.xcassets */,
				4095978618F0C9CF009916E2 /* Supporting Files */,
			);
			path = JDReleaseNoteExample;
			sourceTree = "<group>";
		};
		4095978618F0C9CF009916E2 /* Supporting Files */ = {
			isa = PBXGroup;
			children = (
				4095978718F0C9CF009916E2 /* JDReleaseNoteExample-Info.plist */,
				4095978818F0C9CF009916E2 /* InfoPlist.strings */,
				4095978B18F0C9CF009916E2 /* main.m */,
				4095978D18F0C9CF009916E2 /* JDReleaseNoteExample-Prefix.pch */,
			);
			name = "Supporting Files";
			sourceTree = "<group>";
		};
		409597A718F0C9CF009916E2 /* JDReleaseNoteExampleTests */ = {
			isa = PBXGroup;
			children = (
				409597AD18F0C9CF009916E2 /* JDReleaseNoteExampleTests.m */,
				409597A818F0C9CF009916E2 /* Supporting Files */,
			);
			path = JDReleaseNoteExampleTests;
			sourceTree = "<group>";
		};
		409597A818F0C9CF009916E2 /* Supporting Files */ = {
			isa = PBXGroup;
			children = (
				409597A918F0C9CF009916E2 /* JDReleaseNoteExampleTests-Info.plist */,
				409597AA18F0C9CF009916E2 /* InfoPlist.strings */,
			);
			name = "Supporting Files";
			sourceTree = "<group>";
		};
/* End PBXGroup section */

/* Begin PBXNativeTarget section */
		4095977B18F0C9CF009916E2 /* JDReleaseNoteExample */ = {
			isa = PBXNativeTarget;
			buildConfigurationList = 409597B118F0C9CF009916E2 /* Build configuration list for PBXNativeTarget "JDReleaseNoteExample" */;
			buildPhases = (
				4095977818F0C9CF009916E2 /* Sources */,
				4095977918F0C9CF009916E2 /* Frameworks */,
				4095977A18F0C9CF009916E2 /* Resources */,
			);
			buildRules = (
			);
			dependencies = (
			);
			name = JDReleaseNoteExample;
			productName = JDReleaseNoteExample;
			productReference = 4095977C18F0C9CF009916E2 /* JDReleaseNoteExample.app */;
			productType = "com.apple.product-type.application";
		};
		4095979F18F0C9CF009916E2 /* JDReleaseNoteExampleTests */ = {
			isa = PBXNativeTarget;
			buildConfigurationList = 409597B418F0C9CF009916E2 /* Build configuration list for PBXNativeTarget "JDReleaseNoteExampleTests" */;
			buildPhases = (
				4095979C18F0C9CF009916E2 /* Sources */,
				4095979D18F0C9CF009916E2 /* Frameworks */,
				4095979E18F0C9CF009916E2 /* Resources */,
			);
			buildRules = (
			);
			dependencies = (
				409597A618F0C9CF009916E2 /* PBXTargetDependency */,
			);
			name = JDReleaseNoteExampleTests;
			productName = JDReleaseNoteExampleTests;
			productReference = 409597A018F0C9CF009916E2 /* JDReleaseNoteExampleTests.xctest */;
			productType = "com.apple.product-type.bundle.unit-test";
		};
/* End PBXNativeTarget section */

/* Begin PBXProject section */
		4095977418F0C9CF009916E2 /* Project object */ = {
			isa = PBXProject;
			attributes = {
				CLASSPREFIX = JD;
				LastUpgradeCheck = 0510;
				ORGANIZATIONNAME = "Jean-Baptiste Denoual";
				TargetAttributes = {
					4095977B18F0C9CF009916E2 = {
						DevelopmentTeam = QVN8W4V543;
					};
					4095979F18F0C9CF009916E2 = {
						TestTargetID = 4095977B18F0C9CF009916E2;
					};
				};
			};
			buildConfigurationList = 4095977718F0C9CF009916E2 /* Build configuration list for PBXProject "JDReleaseNoteExample" */;
			compatibilityVersion = "Xcode 3.2";
			developmentRegion = English;
			hasScannedForEncodings = 0;
			knownRegions = (
				en,
				Base,
			);
			mainGroup = 4095977318F0C9CF009916E2;
			productRefGroup = 4095977D18F0C9CF009916E2 /* Products */;
			projectDirPath = "";
			projectRoot = "";
			targets = (
				4095977B18F0C9CF009916E2 /* JDReleaseNoteExample */,
				4095979F18F0C9CF009916E2 /* JDReleaseNoteExampleTests */,
			);
		};
/* End PBXProject section */

/* Begin PBXResourcesBuildPhase section */
		4095977A18F0C9CF009916E2 /* Resources */ = {
			isa = PBXResourcesBuildPhase;
			buildActionMask = 2147483647;
			files = (
				408311B318F0D20500E73D4D /* alert_message_icon@2x.png in Resources */,
				408311B518F0D20500E73D4D /* dark_cross@2x.png in Resources */,
				408311B418F0D20500E73D4D /* dark_cross.png in Resources */,
				4095979618F0C9CF009916E2 /* Main_iPad.storyboard in Resources */,
				4095979B18F0C9CF009916E2 /* Images.xcassets in Resources */,
				408311B218F0D20500E73D4D /* JDReleaseNoteView.xib in Resources */,
				408311BA18F0D75E00E73D4D /* ReleaseNotes.plist in Resources */,
				4095979318F0C9CF009916E2 /* Main_iPhone.storyboard in Resources */,
				4095978A18F0C9CF009916E2 /* InfoPlist.strings in Resources */,
				4042B6CD18F9799C004AC7E0 /* alert_grip@2x.png in Resources */,
			);
			runOnlyForDeploymentPostprocessing = 0;
		};
		4095979E18F0C9CF009916E2 /* Resources */ = {
			isa = PBXResourcesBuildPhase;
			buildActionMask = 2147483647;
			files = (
				409597AC18F0C9CF009916E2 /* InfoPlist.strings in Resources */,
			);
			runOnlyForDeploymentPostprocessing = 0;
		};
/* End PBXResourcesBuildPhase section */

/* Begin PBXSourcesBuildPhase section */
		4095977818F0C9CF009916E2 /* Sources */ = {
			isa = PBXSourcesBuildPhase;
			buildActionMask = 2147483647;
			files = (
				4095979018F0C9CF009916E2 /* JDAppDelegate.m in Sources */,
				4095979918F0C9CF009916E2 /* JDViewController.m in Sources */,
				4095978C18F0C9CF009916E2 /* main.m in Sources */,
			);
			runOnlyForDeploymentPostprocessing = 0;
		};
		4095979C18F0C9CF009916E2 /* Sources */ = {
			isa = PBXSourcesBuildPhase;
			buildActionMask = 2147483647;
			files = (
				409597AE18F0C9CF009916E2 /* JDReleaseNoteExampleTests.m in Sources */,
			);
			runOnlyForDeploymentPostprocessing = 0;
		};
/* End PBXSourcesBuildPhase section */

/* Begin PBXTargetDependency section */
		409597A618F0C9CF009916E2 /* PBXTargetDependency */ = {
			isa = PBXTargetDependency;
			target = 4095977B18F0C9CF009916E2 /* JDReleaseNoteExample */;
			targetProxy = 409597A518F0C9CF009916E2 /* PBXContainerItemProxy */;
		};
/* End PBXTargetDependency section */

/* Begin PBXVariantGroup section */
		408311BC18F0D75E00E73D4D /* ReleaseNotes.plist */ = {
			isa = PBXVariantGroup;
			children = (
				408311BB18F0D75E00E73D4D /* Base */,
			);
			name = ReleaseNotes.plist;
			sourceTree = "<group>";
		};
		4095978818F0C9CF009916E2 /* InfoPlist.strings */ = {
			isa = PBXVariantGroup;
			children = (
				4095978918F0C9CF009916E2 /* en */,
			);
			name = InfoPlist.strings;
			sourceTree = "<group>";
		};
		4095979118F0C9CF009916E2 /* Main_iPhone.storyboard */ = {
			isa = PBXVariantGroup;
			children = (
				4095979218F0C9CF009916E2 /* Base */,
			);
			name = Main_iPhone.storyboard;
			sourceTree = "<group>";
		};
		4095979418F0C9CF009916E2 /* Main_iPad.storyboard */ = {
			isa = PBXVariantGroup;
			children = (
				4095979518F0C9CF009916E2 /* Base */,
			);
			name = Main_iPad.storyboard;
			sourceTree = "<group>";
		};
		409597AA18F0C9CF009916E2 /* InfoPlist.strings */ = {
			isa = PBXVariantGroup;
			children = (
				409597AB18F0C9CF009916E2 /* en */,
			);
			name = InfoPlist.strings;
			sourceTree = "<group>";
		};
/* End PBXVariantGroup section */

/* Begin XCBuildConfiguration section */
		409597AF18F0C9CF009916E2 /* Debug */ = {
			isa = XCBuildConfiguration;
			buildSettings = {
				ALWAYS_SEARCH_USER_PATHS = NO;
				CLANG_CXX_LANGUAGE_STANDARD = "gnu++0x";
				CLANG_CXX_LIBRARY = "libc++";
				CLANG_ENABLE_MODULES = YES;
				CLANG_ENABLE_OBJC_ARC = YES;
				CLANG_WARN_BOOL_CONVERSION = YES;
				CLANG_WARN_CONSTANT_CONVERSION = YES;
				CLANG_WARN_DIRECT_OBJC_ISA_USAGE = YES_ERROR;
				CLANG_WARN_EMPTY_BODY = YES;
				CLANG_WARN_ENUM_CONVERSION = YES;
				CLANG_WARN_INT_CONVERSION = YES;
				CLANG_WARN_OBJC_ROOT_CLASS = YES_ERROR;
				CLANG_WARN__DUPLICATE_METHOD_MATCH = YES;
				"CODE_SIGN_IDENTITY[sdk=iphoneos*]" = "iPhone Developer";
				COPY_PHASE_STRIP = NO;
				GCC_C_LANGUAGE_STANDARD = gnu99;
				GCC_DYNAMIC_NO_PIC = NO;
				GCC_OPTIMIZATION_LEVEL = 0;
				GCC_PREPROCESSOR_DEFINITIONS = (
					"DEBUG=1",
					"$(inherited)",
				);
				GCC_SYMBOLS_PRIVATE_EXTERN = NO;
				GCC_WARN_64_TO_32_BIT_CONVERSION = YES;
				GCC_WARN_ABOUT_RETURN_TYPE = YES_ERROR;
				GCC_WARN_UNDECLARED_SELECTOR = YES;
				GCC_WARN_UNINITIALIZED_AUTOS = YES_AGGRESSIVE;
				GCC_WARN_UNUSED_FUNCTION = YES;
				GCC_WARN_UNUSED_VARIABLE = YES;
				IPHONEOS_DEPLOYMENT_TARGET = 7.1;
				ONLY_ACTIVE_ARCH = YES;
				SDKROOT = iphoneos;
				TARGETED_DEVICE_FAMILY = "1,2";
			};
			name = Debug;
		};
		409597B018F0C9CF009916E2 /* Release */ = {
			isa = XCBuildConfiguration;
			buildSettings = {
				ALWAYS_SEARCH_USER_PATHS = NO;
				CLANG_CXX_LANGUAGE_STANDARD = "gnu++0x";
				CLANG_CXX_LIBRARY = "libc++";
				CLANG_ENABLE_MODULES = YES;
				CLANG_ENABLE_OBJC_ARC = YES;
				CLANG_WARN_BOOL_CONVERSION = YES;
				CLANG_WARN_CONSTANT_CONVERSION = YES;
				CLANG_WARN_DIRECT_OBJC_ISA_USAGE = YES_ERROR;
				CLANG_WARN_EMPTY_BODY = YES;
				CLANG_WARN_ENUM_CONVERSION = YES;
				CLANG_WARN_INT_CONVERSION = YES;
				CLANG_WARN_OBJC_ROOT_CLASS = YES_ERROR;
				CLANG_WARN__DUPLICATE_METHOD_MATCH = YES;
				"CODE_SIGN_IDENTITY[sdk=iphoneos*]" = "iPhone Developer";
				COPY_PHASE_STRIP = YES;
				ENABLE_NS_ASSERTIONS = NO;
				GCC_C_LANGUAGE_STANDARD = gnu99;
				GCC_WARN_64_TO_32_BIT_CONVERSION = YES;
				GCC_WARN_ABOUT_RETURN_TYPE = YES_ERROR;
				GCC_WARN_UNDECLARED_SELECTOR = YES;
				GCC_WARN_UNINITIALIZED_AUTOS = YES_AGGRESSIVE;
				GCC_WARN_UNUSED_FUNCTION = YES;
				GCC_WARN_UNUSED_VARIABLE = YES;
				IPHONEOS_DEPLOYMENT_TARGET = 7.1;
				SDKROOT = iphoneos;
				TARGETED_DEVICE_FAMILY = "1,2";
				VALIDATE_PRODUCT = YES;
			};
			name = Release;
		};
		409597B218F0C9CF009916E2 /* Debug */ = {
			isa = XCBuildConfiguration;
			buildSettings = {
				ALWAYS_SEARCH_USER_PATHS = YES;
				ASSETCATALOG_COMPILER_APPICON_NAME = AppIcon;
				ASSETCATALOG_COMPILER_LAUNCHIMAGE_NAME = LaunchImage;
				CODE_SIGN_IDENTITY = "iPhone Developer: Jean-Baptiste Denoual (LLB3F42DWC)";
				"CODE_SIGN_IDENTITY[sdk=iphoneos*]" = "iPhone Developer";
				GCC_PRECOMPILE_PREFIX_HEADER = YES;
				GCC_PREFIX_HEADER = "JDReleaseNoteExample/JDReleaseNoteExample-Prefix.pch";
				HEADER_SEARCH_PATHS = (
					"$(inherited)",
					/Applications/Xcode.app/Contents/Developer/Toolchains/XcodeDefault.xctoolchain/usr/include,
					"../JDReleaseNote/**",
				);
				INFOPLIST_FILE = "JDReleaseNoteExample/JDReleaseNoteExample-Info.plist";
				LIBRARY_SEARCH_PATHS = (
					"$(inherited)",
					"/Users/JeanBaptiste/Development/JDReleaseN/JDReleaseNote/build/Debug-iphoneos",
				);
				OTHER_LDFLAGS = "-ObjC";
				PRODUCT_NAME = "$(TARGET_NAME)";
				PROVISIONING_PROFILE = "";
				USER_HEADER_SEARCH_PATHS = "";
				WRAPPER_EXTENSION = app;
			};
			name = Debug;
		};
		409597B318F0C9CF009916E2 /* Release */ = {
			isa = XCBuildConfiguration;
			buildSettings = {
				ALWAYS_SEARCH_USER_PATHS = YES;
				ASSETCATALOG_COMPILER_APPICON_NAME = AppIcon;
				ASSETCATALOG_COMPILER_LAUNCHIMAGE_NAME = LaunchImage;
				CODE_SIGN_IDENTITY = "iPhone Developer: Jean-Baptiste Denoual (LLB3F42DWC)";
				"CODE_SIGN_IDENTITY[sdk=iphoneos*]" = "iPhone Developer";
				GCC_PRECOMPILE_PREFIX_HEADER = YES;
				GCC_PREFIX_HEADER = "JDReleaseNoteExample/JDReleaseNoteExample-Prefix.pch";
				HEADER_SEARCH_PATHS = (
					"$(inherited)",
					/Applications/Xcode.app/Contents/Developer/Toolchains/XcodeDefault.xctoolchain/usr/include,
					"../JDReleaseNote/**",
				);
				INFOPLIST_FILE = "JDReleaseNoteExample/JDReleaseNoteExample-Info.plist";
				LIBRARY_SEARCH_PATHS = (
					"$(inherited)",
					"/Users/JeanBaptiste/Development/JDReleaseN/JDReleaseNote/build/Debug-iphoneos",
				);
				OTHER_LDFLAGS = "-ObjC";
				PRODUCT_NAME = "$(TARGET_NAME)";
				PROVISIONING_PROFILE = "";
				USER_HEADER_SEARCH_PATHS = "";
				WRAPPER_EXTENSION = app;
			};
			name = Release;
		};
		409597B518F0C9CF009916E2 /* Debug */ = {
			isa = XCBuildConfiguration;
			buildSettings = {
				BUNDLE_LOADER = "$(BUILT_PRODUCTS_DIR)/JDReleaseNoteExample.app/JDReleaseNoteExample";
				FRAMEWORK_SEARCH_PATHS = (
					"$(SDKROOT)/Developer/Library/Frameworks",
					"$(inherited)",
					"$(DEVELOPER_FRAMEWORKS_DIR)",
				);
				GCC_PRECOMPILE_PREFIX_HEADER = YES;
				GCC_PREFIX_HEADER = "JDReleaseNoteExample/JDReleaseNoteExample-Prefix.pch";
				GCC_PREPROCESSOR_DEFINITIONS = (
					"DEBUG=1",
					"$(inherited)",
				);
				INFOPLIST_FILE = "JDReleaseNoteExampleTests/JDReleaseNoteExampleTests-Info.plist";
				PRODUCT_NAME = "$(TARGET_NAME)";
				TEST_HOST = "$(BUNDLE_LOADER)";
				WRAPPER_EXTENSION = xctest;
			};
			name = Debug;
		};
		409597B618F0C9CF009916E2 /* Release */ = {
			isa = XCBuildConfiguration;
			buildSettings = {
				BUNDLE_LOADER = "$(BUILT_PRODUCTS_DIR)/JDReleaseNoteExample.app/JDReleaseNoteExample";
				FRAMEWORK_SEARCH_PATHS = (
					"$(SDKROOT)/Developer/Library/Frameworks",
					"$(inherited)",
					"$(DEVELOPER_FRAMEWORKS_DIR)",
				);
				GCC_PRECOMPILE_PREFIX_HEADER = YES;
				GCC_PREFIX_HEADER = "JDReleaseNoteExample/JDReleaseNoteExample-Prefix.pch";
				INFOPLIST_FILE = "JDReleaseNoteExampleTests/JDReleaseNoteExampleTests-Info.plist";
				PRODUCT_NAME = "$(TARGET_NAME)";
				TEST_HOST = "$(BUNDLE_LOADER)";
				WRAPPER_EXTENSION = xctest;
			};
			name = Release;
		};
/* End XCBuildConfiguration section */

/* Begin XCConfigurationList section */
		4095977718F0C9CF009916E2 /* Build configuration list for PBXProject "JDReleaseNoteExample" */ = {
			isa = XCConfigurationList;
			buildConfigurations = (
				409597AF18F0C9CF009916E2 /* Debug */,
				409597B018F0C9CF009916E2 /* Release */,
			);
			defaultConfigurationIsVisible = 0;
			defaultConfigurationName = Release;
		};
		409597B118F0C9CF009916E2 /* Build configuration list for PBXNativeTarget "JDReleaseNoteExample" */ = {
			isa = XCConfigurationList;
			buildConfigurations = (
				409597B218F0C9CF009916E2 /* Debug */,
				409597B318F0C9CF009916E2 /* Release */,
			);
			defaultConfigurationIsVisible = 0;
			defaultConfigurationName = Release;
		};
		409597B418F0C9CF009916E2 /* Build configuration list for PBXNativeTarget "JDReleaseNoteExampleTests" */ = {
			isa = XCConfigurationList;
			buildConfigurations = (
				409597B518F0C9CF009916E2 /* Debug */,
				409597B618F0C9CF009916E2 /* Release */,
			);
			defaultConfigurationIsVisible = 0;
			defaultConfigurationName = Release;
		};
/* End XCConfigurationList section */
	};
	rootObject = 4095977418F0C9CF009916E2 /* Project object */;
}
