// !$*UTF8*$!
{
	archiveVersion = 1;
	classes = {
	};
	objectVersion = 46;
	objects = {

/* Begin PBXBuildFile section */
		40A010E4190C16A1004D3D4F /* Foundation.framework in Frameworks */ = {isa = PBXBuildFile; fileRef = 40A010E3190C16A1004D3D4F /* Foundation.framework */; };
		40A010E6190C16A1004D3D4F /* CoreGraphics.framework in Frameworks */ = {isa = PBXBuildFile; fileRef = 40A010E5190C16A1004D3D4F /* CoreGraphics.framework */; };
		40A010E8190C16A1004D3D4F /* UIKit.framework in Frameworks */ = {isa = PBXBuildFile; fileRef = 40A010E7190C16A1004D3D4F /* UIKit.framework */; };
		40A010EE190C16A1004D3D4F /* InfoPlist.strings in Resources */ = {isa = PBXBuildFile; fileRef = 40A010EC190C16A1004D3D4F /* InfoPlist.strings */; };
		40A010F0190C16A1004D3D4F /* main.m in Sources */ = {isa = PBXBuildFile; fileRef = 40A010EF190C16A1004D3D4F /* main.m */; };
		40A010F4190C16A1004D3D4F /* JDAppDelegate.m in Sources */ = {isa = PBXBuildFile; fileRef = 40A010F3190C16A1004D3D4F /* JDAppDelegate.m */; };
		40A010F7190C16A1004D3D4F /* Main_iPhone.storyboard in Resources */ = {isa = PBXBuildFile; fileRef = 40A010F5190C16A1004D3D4F /* Main_iPhone.storyboard */; };
		40A010FA190C16A1004D3D4F /* Main_iPad.storyboard in Resources */ = {isa = PBXBuildFile; fileRef = 40A010F8190C16A1004D3D4F /* Main_iPad.storyboard */; };
		40A010FD190C16A1004D3D4F /* JDViewController.m in Sources */ = {isa = PBXBuildFile; fileRef = 40A010FC190C16A1004D3D4F /* JDViewController.m */; };
		40A010FF190C16A1004D3D4F /* Images.xcassets in Resources */ = {isa = PBXBuildFile; fileRef = 40A010FE190C16A1004D3D4F /* Images.xcassets */; };
		40A01106190C16A1004D3D4F /* XCTest.framework in Frameworks */ = {isa = PBXBuildFile; fileRef = 40A01105190C16A1004D3D4F /* XCTest.framework */; };
		40A01107190C16A1004D3D4F /* Foundation.framework in Frameworks */ = {isa = PBXBuildFile; fileRef = 40A010E3190C16A1004D3D4F /* Foundation.framework */; };
		40A01108190C16A1004D3D4F /* UIKit.framework in Frameworks */ = {isa = PBXBuildFile; fileRef = 40A010E7190C16A1004D3D4F /* UIKit.framework */; };
		40A01110190C16A1004D3D4F /* InfoPlist.strings in Resources */ = {isa = PBXBuildFile; fileRef = 40A0110E190C16A1004D3D4F /* InfoPlist.strings */; };
		40A01112190C16A1004D3D4F /* ExampleTests.m in Sources */ = {isa = PBXBuildFile; fileRef = 40A01111190C16A1004D3D4F /* ExampleTests.m */; };
		40A0111E190C196B004D3D4F /* libJDReleaseNote.a in Frameworks */ = {isa = PBXBuildFile; fileRef = 40A0111D190C196B004D3D4F /* libJDReleaseNote.a */; };
/* End PBXBuildFile section */

/* Begin PBXContainerItemProxy section */
		40A01109190C16A1004D3D4F /* PBXContainerItemProxy */ = {
			isa = PBXContainerItemProxy;
			containerPortal = 40A010D8190C16A1004D3D4F /* Project object */;
			proxyType = 1;
			remoteGlobalIDString = 40A010DF190C16A1004D3D4F;
			remoteInfo = Example;
		};
/* End PBXContainerItemProxy section */

/* Begin PBXFileReference section */
		40A010E0190C16A1004D3D4F /* Example.app */ = {isa = PBXFileReference; explicitFileType = wrapper.application; includeInIndex = 0; path = Example.app; sourceTree = BUILT_PRODUCTS_DIR; };
		40A010E3190C16A1004D3D4F /* Foundation.framework */ = {isa = PBXFileReference; lastKnownFileType = wrapper.framework; name = Foundation.framework; path = System/Library/Frameworks/Foundation.framework; sourceTree = SDKROOT; };
		40A010E5190C16A1004D3D4F /* CoreGraphics.framework */ = {isa = PBXFileReference; lastKnownFileType = wrapper.framework; name = CoreGraphics.framework; path = System/Library/Frameworks/CoreGraphics.framework; sourceTree = SDKROOT; };
		40A010E7190C16A1004D3D4F /* UIKit.framework */ = {isa = PBXFileReference; lastKnownFileType = wrapper.framework; name = UIKit.framework; path = System/Library/Frameworks/UIKit.framework; sourceTree = SDKROOT; };
		40A010EB190C16A1004D3D4F /* Example-Info.plist */ = {isa = PBXFileReference; lastKnownFileType = text.plist.xml; path = "Example-Info.plist"; sourceTree = "<group>"; };
		40A010ED190C16A1004D3D4F /* en */ = {isa = PBXFileReference; lastKnownFileType = text.plist.strings; name = en; path = en.lproj/InfoPlist.strings; sourceTree = "<group>"; };
		40A010EF190C16A1004D3D4F /* main.m */ = {isa = PBXFileReference; lastKnownFileType = sourcecode.c.objc; path = main.m; sourceTree = "<group>"; };
		40A010F1190C16A1004D3D4F /* Example-Prefix.pch */ = {isa = PBXFileReference; lastKnownFileType = sourcecode.c.h; path = "Example-Prefix.pch"; sourceTree = "<group>"; };
		40A010F2190C16A1004D3D4F /* JDAppDelegate.h */ = {isa = PBXFileReference; lastKnownFileType = sourcecode.c.h; path = JDAppDelegate.h; sourceTree = "<group>"; };
		40A010F3190C16A1004D3D4F /* JDAppDelegate.m */ = {isa = PBXFileReference; lastKnownFileType = sourcecode.c.objc; path = JDAppDelegate.m; sourceTree = "<group>"; };
		40A010F6190C16A1004D3D4F /* Base */ = {isa = PBXFileReference; lastKnownFileType = file.storyboard; name = Base; path = Base.lproj/Main_iPhone.storyboard; sourceTree = "<group>"; };
		40A010F9190C16A1004D3D4F /* Base */ = {isa = PBXFileReference; lastKnownFileType = file.storyboard; name = Base; path = Base.lproj/Main_iPad.storyboard; sourceTree = "<group>"; };
		40A010FB190C16A1004D3D4F /* JDViewController.h */ = {isa = PBXFileReference; lastKnownFileType = sourcecode.c.h; path = JDViewController.h; sourceTree = "<group>"; };
		40A010FC190C16A1004D3D4F /* JDViewController.m */ = {isa = PBXFileReference; lastKnownFileType = sourcecode.c.objc; path = JDViewController.m; sourceTree = "<group>"; };
		40A010FE190C16A1004D3D4F /* Images.xcassets */ = {isa = PBXFileReference; lastKnownFileType = folder.assetcatalog; path = Images.xcassets; sourceTree = "<group>"; };
		40A01104190C16A1004D3D4F /* ExampleTests.xctest */ = {isa = PBXFileReference; explicitFileType = wrapper.cfbundle; includeInIndex = 0; path = ExampleTests.xctest; sourceTree = BUILT_PRODUCTS_DIR; };
		40A01105190C16A1004D3D4F /* XCTest.framework */ = {isa = PBXFileReference; lastKnownFileType = wrapper.framework; name = XCTest.framework; path = Library/Frameworks/XCTest.framework; sourceTree = DEVELOPER_DIR; };
		40A0110D190C16A1004D3D4F /* ExampleTests-Info.plist */ = {isa = PBXFileReference; lastKnownFileType = text.plist.xml; path = "ExampleTests-Info.plist"; sourceTree = "<group>"; };
		40A0110F190C16A1004D3D4F /* en */ = {isa = PBXFileReference; lastKnownFileType = text.plist.strings; name = en; path = en.lproj/InfoPlist.strings; sourceTree = "<group>"; };
		40A01111190C16A1004D3D4F /* ExampleTests.m */ = {isa = PBXFileReference; lastKnownFileType = sourcecode.c.objc; path = ExampleTests.m; sourceTree = "<group>"; };
		40A0111D190C196B004D3D4F /* libJDReleaseNote.a */ = {isa = PBXFileReference; lastKnownFileType = archive.ar; name = libJDReleaseNote.a; path = "../JDReleaseNote/build/Debug-iphoneos/libJDReleaseNote.a"; sourceTree = "<group>"; };
/* End PBXFileReference section */

/* Begin PBXFrameworksBuildPhase section */
		40A010DD190C16A1004D3D4F /* Frameworks */ = {
			isa = PBXFrameworksBuildPhase;
			buildActionMask = 2147483647;
			files = (
				40A0111E190C196B004D3D4F /* libJDReleaseNote.a in Frameworks */,
				40A010E6190C16A1004D3D4F /* CoreGraphics.framework in Frameworks */,
				40A010E8190C16A1004D3D4F /* UIKit.framework in Frameworks */,
				40A010E4190C16A1004D3D4F /* Foundation.framework in Frameworks */,
			);
			runOnlyForDeploymentPostprocessing = 0;
		};
		40A01101190C16A1004D3D4F /* Frameworks */ = {
			isa = PBXFrameworksBuildPhase;
			buildActionMask = 2147483647;
			files = (
				40A01106190C16A1004D3D4F /* XCTest.framework in Frameworks */,
				40A01108190C16A1004D3D4F /* UIKit.framework in Frameworks */,
				40A01107190C16A1004D3D4F /* Foundation.framework in Frameworks */,
			);
			runOnlyForDeploymentPostprocessing = 0;
		};
/* End PBXFrameworksBuildPhase section */

/* Begin PBXGroup section */
		40A010D7190C16A1004D3D4F = {
			isa = PBXGroup;
			children = (
				40A010E9190C16A1004D3D4F /* Example */,
				40A0110B190C16A1004D3D4F /* ExampleTests */,
				40A010E2190C16A1004D3D4F /* Frameworks */,
				40A010E1190C16A1004D3D4F /* Products */,
			);
			sourceTree = "<group>";
		};
		40A010E1190C16A1004D3D4F /* Products */ = {
			isa = PBXGroup;
			children = (
				40A010E0190C16A1004D3D4F /* Example.app */,
				40A01104190C16A1004D3D4F /* ExampleTests.xctest */,
			);
			name = Products;
			sourceTree = "<group>";
		};
		40A010E2190C16A1004D3D4F /* Frameworks */ = {
			isa = PBXGroup;
			children = (
				40A0111D190C196B004D3D4F /* libJDReleaseNote.a */,
				40A010E3190C16A1004D3D4F /* Foundation.framework */,
				40A010E5190C16A1004D3D4F /* CoreGraphics.framework */,
				40A010E7190C16A1004D3D4F /* UIKit.framework */,
				40A01105190C16A1004D3D4F /* XCTest.framework */,
			);
			name = Frameworks;
			sourceTree = "<group>";
		};
		40A010E9190C16A1004D3D4F /* Example */ = {
			isa = PBXGroup;
			children = (
				40A010F2190C16A1004D3D4F /* JDAppDelegate.h */,
				40A010F3190C16A1004D3D4F /* JDAppDelegate.m */,
				40A010F5190C16A1004D3D4F /* Main_iPhone.storyboard */,
				40A010F8190C16A1004D3D4F /* Main_iPad.storyboard */,
				40A010FB190C16A1004D3D4F /* JDViewController.h */,
				40A010FC190C16A1004D3D4F /* JDViewController.m */,
				40A010FE190C16A1004D3D4F /* Images.xcassets */,
				40A010EA190C16A1004D3D4F /* Supporting Files */,
			);
			path = Example;
			sourceTree = "<group>";
		};
		40A010EA190C16A1004D3D4F /* Supporting Files */ = {
			isa = PBXGroup;
			children = (
				40A010EB190C16A1004D3D4F /* Example-Info.plist */,
				40A010EC190C16A1004D3D4F /* InfoPlist.strings */,
				40A010EF190C16A1004D3D4F /* main.m */,
				40A010F1190C16A1004D3D4F /* Example-Prefix.pch */,
			);
			name = "Supporting Files";
			sourceTree = "<group>";
		};
		40A0110B190C16A1004D3D4F /* ExampleTests */ = {
			isa = PBXGroup;
			children = (
				40A01111190C16A1004D3D4F /* ExampleTests.m */,
				40A0110C190C16A1004D3D4F /* Supporting Files */,
			);
			path = ExampleTests;
			sourceTree = "<group>";
		};
		40A0110C190C16A1004D3D4F /* Supporting Files */ = {
			isa = PBXGroup;
			children = (
				40A0110D190C16A1004D3D4F /* ExampleTests-Info.plist */,
				40A0110E190C16A1004D3D4F /* InfoPlist.strings */,
			);
			name = "Supporting Files";
			sourceTree = "<group>";
		};
/* End PBXGroup section */

/* Begin PBXNativeTarget section */
		40A010DF190C16A1004D3D4F /* Example */ = {
			isa = PBXNativeTarget;
			buildConfigurationList = 40A01115190C16A1004D3D4F /* Build configuration list for PBXNativeTarget "Example" */;
			buildPhases = (
				40A010DC190C16A1004D3D4F /* Sources */,
				40A010DD190C16A1004D3D4F /* Frameworks */,
				40A010DE190C16A1004D3D4F /* Resources */,
			);
			buildRules = (
			);
			dependencies = (
			);
			name = Example;
			productName = Example;
			productReference = 40A010E0190C16A1004D3D4F /* Example.app */;
			productType = "com.apple.product-type.application";
		};
		40A01103190C16A1004D3D4F /* ExampleTests */ = {
			isa = PBXNativeTarget;
			buildConfigurationList = 40A01118190C16A1004D3D4F /* Build configuration list for PBXNativeTarget "ExampleTests" */;
			buildPhases = (
				40A01100190C16A1004D3D4F /* Sources */,
				40A01101190C16A1004D3D4F /* Frameworks */,
				40A01102190C16A1004D3D4F /* Resources */,
			);
			buildRules = (
			);
			dependencies = (
				40A0110A190C16A1004D3D4F /* PBXTargetDependency */,
			);
			name = ExampleTests;
			productName = ExampleTests;
			productReference = 40A01104190C16A1004D3D4F /* ExampleTests.xctest */;
			productType = "com.apple.product-type.bundle.unit-test";
		};
/* End PBXNativeTarget section */

/* Begin PBXProject section */
		40A010D8190C16A1004D3D4F /* Project object */ = {
			isa = PBXProject;
			attributes = {
				CLASSPREFIX = JD;
				LastUpgradeCheck = 0510;
				ORGANIZATIONNAME = "Jean-Baptiste Denoual";
				TargetAttributes = {
					40A01103190C16A1004D3D4F = {
						TestTargetID = 40A010DF190C16A1004D3D4F;
					};
				};
			};
			buildConfigurationList = 40A010DB190C16A1004D3D4F /* Build configuration list for PBXProject "Example" */;
			compatibilityVersion = "Xcode 3.2";
			developmentRegion = English;
			hasScannedForEncodings = 0;
			knownRegions = (
				en,
				Base,
			);
			mainGroup = 40A010D7190C16A1004D3D4F;
			productRefGroup = 40A010E1190C16A1004D3D4F /* Products */;
			projectDirPath = "";
			projectRoot = "";
			targets = (
				40A010DF190C16A1004D3D4F /* Example */,
				40A01103190C16A1004D3D4F /* ExampleTests */,
			);
		};
/* End PBXProject section */

/* Begin PBXResourcesBuildPhase section */
		40A010DE190C16A1004D3D4F /* Resources */ = {
			isa = PBXResourcesBuildPhase;
			buildActionMask = 2147483647;
			files = (
				40A010FA190C16A1004D3D4F /* Main_iPad.storyboard in Resources */,
				40A010FF190C16A1004D3D4F /* Images.xcassets in Resources */,
				40A010F7190C16A1004D3D4F /* Main_iPhone.storyboard in Resources */,
				40A010EE190C16A1004D3D4F /* InfoPlist.strings in Resources */,
			);
			runOnlyForDeploymentPostprocessing = 0;
		};
		40A01102190C16A1004D3D4F /* Resources */ = {
			isa = PBXResourcesBuildPhase;
			buildActionMask = 2147483647;
			files = (
				40A01110190C16A1004D3D4F /* InfoPlist.strings in Resources */,
			);
			runOnlyForDeploymentPostprocessing = 0;
		};
/* End PBXResourcesBuildPhase section */

/* Begin PBXSourcesBuildPhase section */
		40A010DC190C16A1004D3D4F /* Sources */ = {
			isa = PBXSourcesBuildPhase;
			buildActionMask = 2147483647;
			files = (
				40A010F4190C16A1004D3D4F /* JDAppDelegate.m in Sources */,
				40A010FD190C16A1004D3D4F /* JDViewController.m in Sources */,
				40A010F0190C16A1004D3D4F /* main.m in Sources */,
			);
			runOnlyForDeploymentPostprocessing = 0;
		};
		40A01100190C16A1004D3D4F /* Sources */ = {
			isa = PBXSourcesBuildPhase;
			buildActionMask = 2147483647;
			files = (
				40A01112190C16A1004D3D4F /* ExampleTests.m in Sources */,
			);
			runOnlyForDeploymentPostprocessing = 0;
		};
/* End PBXSourcesBuildPhase section */

/* Begin PBXTargetDependency section */
		40A0110A190C16A1004D3D4F /* PBXTargetDependency */ = {
			isa = PBXTargetDependency;
			target = 40A010DF190C16A1004D3D4F /* Example */;
			targetProxy = 40A01109190C16A1004D3D4F /* PBXContainerItemProxy */;
		};
/* End PBXTargetDependency section */

/* Begin PBXVariantGroup section */
		40A010EC190C16A1004D3D4F /* InfoPlist.strings */ = {
			isa = PBXVariantGroup;
			children = (
				40A010ED190C16A1004D3D4F /* en */,
			);
			name = InfoPlist.strings;
			sourceTree = "<group>";
		};
		40A010F5190C16A1004D3D4F /* Main_iPhone.storyboard */ = {
			isa = PBXVariantGroup;
			children = (
				40A010F6190C16A1004D3D4F /* Base */,
			);
			name = Main_iPhone.storyboard;
			sourceTree = "<group>";
		};
		40A010F8190C16A1004D3D4F /* Main_iPad.storyboard */ = {
			isa = PBXVariantGroup;
			children = (
				40A010F9190C16A1004D3D4F /* Base */,
			);
			name = Main_iPad.storyboard;
			sourceTree = "<group>";
		};
		40A0110E190C16A1004D3D4F /* InfoPlist.strings */ = {
			isa = PBXVariantGroup;
			children = (
				40A0110F190C16A1004D3D4F /* en */,
			);
			name = InfoPlist.strings;
			sourceTree = "<group>";
		};
/* End PBXVariantGroup section */

/* Begin XCBuildConfiguration section */
		40A01113190C16A1004D3D4F /* Debug */ = {
			isa = XCBuildConfiguration;
			buildSettings = {
				ALWAYS_SEARCH_USER_PATHS = NO;
				CLANG_CXX_LANGUAGE_STANDARD = "gnu++0x";
				CLANG_CXX_LIBRARY = "libc++";
				CLANG_ENABLE_MODULES = YES;
				CLANG_ENABLE_OBJC_ARC = YES;
				CLANG_WARN_BOOL_CONVERSION = YES;
				CLANG_WARN_CONSTANT_CONVERSION = YES;
				CLANG_WARN_DIRECT_OBJC_ISA_USAGE = YES_ERROR;
				CLANG_WARN_EMPTY_BODY = YES;
				CLANG_WARN_ENUM_CONVERSION = YES;
				CLANG_WARN_INT_CONVERSION = YES;
				CLANG_WARN_OBJC_ROOT_CLASS = YES_ERROR;
				CLANG_WARN__DUPLICATE_METHOD_MATCH = YES;
				"CODE_SIGN_IDENTITY[sdk=iphoneos*]" = "iPhone Developer";
				COPY_PHASE_STRIP = NO;
				GCC_C_LANGUAGE_STANDARD = gnu99;
				GCC_DYNAMIC_NO_PIC = NO;
				GCC_OPTIMIZATION_LEVEL = 0;
				GCC_PREPROCESSOR_DEFINITIONS = (
					"DEBUG=1",
					"$(inherited)",
				);
				GCC_SYMBOLS_PRIVATE_EXTERN = NO;
				GCC_WARN_64_TO_32_BIT_CONVERSION = YES;
				GCC_WARN_ABOUT_RETURN_TYPE = YES_ERROR;
				GCC_WARN_UNDECLARED_SELECTOR = YES;
				GCC_WARN_UNINITIALIZED_AUTOS = YES_AGGRESSIVE;
				GCC_WARN_UNUSED_FUNCTION = YES;
				GCC_WARN_UNUSED_VARIABLE = YES;
				IPHONEOS_DEPLOYMENT_TARGET = 7.1;
				ONLY_ACTIVE_ARCH = YES;
				SDKROOT = iphoneos;
				TARGETED_DEVICE_FAMILY = "1,2";
			};
			name = Debug;
		};
		40A01114190C16A1004D3D4F /* Release */ = {
			isa = XCBuildConfiguration;
			buildSettings = {
				ALWAYS_SEARCH_USER_PATHS = NO;
				CLANG_CXX_LANGUAGE_STANDARD = "gnu++0x";
				CLANG_CXX_LIBRARY = "libc++";
				CLANG_ENABLE_MODULES = YES;
				CLANG_ENABLE_OBJC_ARC = YES;
				CLANG_WARN_BOOL_CONVERSION = YES;
				CLANG_WARN_CONSTANT_CONVERSION = YES;
				CLANG_WARN_DIRECT_OBJC_ISA_USAGE = YES_ERROR;
				CLANG_WARN_EMPTY_BODY = YES;
				CLANG_WARN_ENUM_CONVERSION = YES;
				CLANG_WARN_INT_CONVERSION = YES;
				CLANG_WARN_OBJC_ROOT_CLASS = YES_ERROR;
				CLANG_WARN__DUPLICATE_METHOD_MATCH = YES;
				"CODE_SIGN_IDENTITY[sdk=iphoneos*]" = "iPhone Developer";
				COPY_PHASE_STRIP = YES;
				ENABLE_NS_ASSERTIONS = NO;
				GCC_C_LANGUAGE_STANDARD = gnu99;
				GCC_WARN_64_TO_32_BIT_CONVERSION = YES;
				GCC_WARN_ABOUT_RETURN_TYPE = YES_ERROR;
				GCC_WARN_UNDECLARED_SELECTOR = YES;
				GCC_WARN_UNINITIALIZED_AUTOS = YES_AGGRESSIVE;
				GCC_WARN_UNUSED_FUNCTION = YES;
				GCC_WARN_UNUSED_VARIABLE = YES;
				IPHONEOS_DEPLOYMENT_TARGET = 7.1;
				SDKROOT = iphoneos;
				TARGETED_DEVICE_FAMILY = "1,2";
				VALIDATE_PRODUCT = YES;
			};
			name = Release;
		};
		40A01116190C16A1004D3D4F /* Debug */ = {
			isa = XCBuildConfiguration;
			buildSettings = {
				ALWAYS_SEARCH_USER_PATHS = YES;
				ASSETCATALOG_COMPILER_APPICON_NAME = AppIcon;
				ASSETCATALOG_COMPILER_LAUNCHIMAGE_NAME = LaunchImage;
				GCC_PRECOMPILE_PREFIX_HEADER = YES;
				GCC_PREFIX_HEADER = "Example/Example-Prefix.pch";
				HEADER_SEARCH_PATHS = (
					"$(inherited)",
					"../JDReleaseNote/**",
					/Applications/Xcode.app/Contents/Developer/Toolchains/XcodeDefault.xctoolchain/usr/include,
				);
				INFOPLIST_FILE = "Example/Example-Info.plist";
				LIBRARY_SEARCH_PATHS = (
					"$(inherited)",
					"/Users/JeanBaptiste/Development/JDReleaseNote/JDReleaseNote/JDReleaseNote/build/Debug-iphoneos",
				);
				PRODUCT_NAME = "$(TARGET_NAME)";
				WRAPPER_EXTENSION = app;
			};
			name = Debug;
		};
		40A01117190C16A1004D3D4F /* Release */ = {
			isa = XCBuildConfiguration;
			buildSettings = {
				ALWAYS_SEARCH_USER_PATHS = YES;
				ASSETCATALOG_COMPILER_APPICON_NAME = AppIcon;
				ASSETCATALOG_COMPILER_LAUNCHIMAGE_NAME = LaunchImage;
				GCC_PRECOMPILE_PREFIX_HEADER = YES;
				GCC_PREFIX_HEADER = "Example/Example-Prefix.pch";
				HEADER_SEARCH_PATHS = (
					"$(inherited)",
					"../JDReleaseNote/**",
					/Applications/Xcode.app/Contents/Developer/Toolchains/XcodeDefault.xctoolchain/usr/include,
				);
				INFOPLIST_FILE = "Example/Example-Info.plist";
				LIBRARY_SEARCH_PATHS = (
					"$(inherited)",
					"/Users/JeanBaptiste/Development/JDReleaseNote/JDReleaseNote/JDReleaseNote/build/Debug-iphoneos",
				);
				PRODUCT_NAME = "$(TARGET_NAME)";
				WRAPPER_EXTENSION = app;
			};
			name = Release;
		};
		40A01119190C16A1004D3D4F /* Debug */ = {
			isa = XCBuildConfiguration;
			buildSettings = {
				BUNDLE_LOADER = "$(BUILT_PRODUCTS_DIR)/Example.app/Example";
				FRAMEWORK_SEARCH_PATHS = (
					"$(SDKROOT)/Developer/Library/Frameworks",
					"$(inherited)",
					"$(DEVELOPER_FRAMEWORKS_DIR)",
				);
				GCC_PRECOMPILE_PREFIX_HEADER = YES;
				GCC_PREFIX_HEADER = "Example/Example-Prefix.pch";
				GCC_PREPROCESSOR_DEFINITIONS = (
					"DEBUG=1",
					"$(inherited)",
				);
				INFOPLIST_FILE = "ExampleTests/ExampleTests-Info.plist";
				PRODUCT_NAME = "$(TARGET_NAME)";
				TEST_HOST = "$(BUNDLE_LOADER)";
				WRAPPER_EXTENSION = xctest;
			};
			name = Debug;
		};
		40A0111A190C16A1004D3D4F /* Release */ = {
			isa = XCBuildConfiguration;
			buildSettings = {
				BUNDLE_LOADER = "$(BUILT_PRODUCTS_DIR)/Example.app/Example";
				FRAMEWORK_SEARCH_PATHS = (
					"$(SDKROOT)/Developer/Library/Frameworks",
					"$(inherited)",
					"$(DEVELOPER_FRAMEWORKS_DIR)",
				);
				GCC_PRECOMPILE_PREFIX_HEADER = YES;
				GCC_PREFIX_HEADER = "Example/Example-Prefix.pch";
				INFOPLIST_FILE = "ExampleTests/ExampleTests-Info.plist";
				PRODUCT_NAME = "$(TARGET_NAME)";
				TEST_HOST = "$(BUNDLE_LOADER)";
				WRAPPER_EXTENSION = xctest;
			};
			name = Release;
		};
/* End XCBuildConfiguration section */

/* Begin XCConfigurationList section */
		40A010DB190C16A1004D3D4F /* Build configuration list for PBXProject "Example" */ = {
			isa = XCConfigurationList;
			buildConfigurations = (
				40A01113190C16A1004D3D4F /* Debug */,
				40A01114190C16A1004D3D4F /* Release */,
			);
			defaultConfigurationIsVisible = 0;
			defaultConfigurationName = Release;
		};
		40A01115190C16A1004D3D4F /* Build configuration list for PBXNativeTarget "Example" */ = {
			isa = XCConfigurationList;
			buildConfigurations = (
				40A01116190C16A1004D3D4F /* Debug */,
				40A01117190C16A1004D3D4F /* Release */,
			);
			defaultConfigurationIsVisible = 0;
			defaultConfigurationName = Release;
		};
		40A01118190C16A1004D3D4F /* Build configuration list for PBXNativeTarget "ExampleTests" */ = {
			isa = XCConfigurationList;
			buildConfigurations = (
				40A01119190C16A1004D3D4F /* Debug */,
				40A0111A190C16A1004D3D4F /* Release */,
			);
			defaultConfigurationIsVisible = 0;
			defaultConfigurationName = Release;
		};
/* End XCConfigurationList section */
	};
	rootObject = 40A010D8190C16A1004D3D4F /* Project object */;
}
